
Microsoft Visual Studio Solution File, Format Version 12.00
# Visual Studio Version 16
VisualStudioVersion = 16.0.32126.315
MinimumVisualStudioVersion = 10.0.40219.1
Project("{9A19103F-16F7-4668-BE54-9A1E7A4F7556}") = "WPFUI", "WPFUI\WPFUI.csproj", "{C3F5D08D-D52F-4C2E-A12F-EA03D6F90897}"
EndProject
Project("{FAE04EC0-301F-11D3-BF4B-00C04F79EFBC}") = "Engine", "Engine\Engine.csproj", "{86594465-71B0-45A0-954E-3075C2796528}"
EndProject
Global
	GlobalSection(SolutionConfigurationPlatforms) = preSolution
		Debug|Any CPU = Debug|Any CPU
		Release|Any CPU = Release|Any CPU
	EndGlobalSection
	GlobalSection(ProjectConfigurationPlatforms) = postSolution
		{C3F5D08D-D52F-4C2E-A12F-EA03D6F90897}.Debug|Any CPU.ActiveCfg = Debug|Any CPU
		{C3F5D08D-D52F-4C2E-A12F-EA03D6F90897}.Debug|Any CPU.Build.0 = Debug|Any CPU
		{C3F5D08D-D52F-4C2E-A12F-EA03D6F90897}.Release|Any CPU.ActiveCfg = Release|Any CPU
		{C3F5D08D-D52F-4C2E-A12F-EA03D6F90897}.Release|Any CPU.Build.0 = Release|Any CPU
		{86594465-71B0-45A0-954E-3075C2796528}.Debug|Any CPU.ActiveCfg = Debug|Any CPU
		{86594465-71B0-45A0-954E-3075C2796528}.Debug|Any CPU.Build.0 = Debug|Any CPU
		{86594465-71B0-45A0-954E-3075C2796528}.Release|Any CPU.ActiveCfg = Release|Any CPU
		{86594465-71B0-45A0-954E-3075C2796528}.Release|Any CPU.Build.0 = Release|Any CPU
	EndGlobalSection
	GlobalSection(SolutionProperties) = preSolution
		HideSolutionNode = FALSE
	EndGlobalSection
	GlobalSection(ExtensibilityGlobals) = postSolution
		SolutionGuid = {E1703072-A280-4DD0-A606-31783FFF78DB}
	EndGlobalSection
EndGlobal
